
Microsoft Visual Studio Solution File, Format Version 12.00
# Visual Studio 15
VisualStudioVersion = 15.0.27004.2008
MinimumVisualStudioVersion = 10.0.40219.1
Project("{FAE04EC0-301F-11D3-BF4B-00C04F79EFBC}") = "IQ_PokerTest", "IQ_PokerTest\IQ_PokerTest.csproj", "{3620507D-BBC6-4E61-A777-346C4A6EE718}"
EndProject
Global
	GlobalSection(SolutionConfigurationPlatforms) = preSolution
		Debug|Any CPU = Debug|Any CPU
		Release|Any CPU = Release|Any CPU
	EndGlobalSection
	GlobalSection(ProjectConfigurationPlatforms) = postSolution
		{3620507D-BBC6-4E61-A777-346C4A6EE718}.Debug|Any CPU.ActiveCfg = Debug|Any CPU
		{3620507D-BBC6-4E61-A777-346C4A6EE718}.Debug|Any CPU.Build.0 = Debug|Any CPU
		{3620507D-BBC6-4E61-A777-346C4A6EE718}.Release|Any CPU.ActiveCfg = Release|Any CPU
		{3620507D-BBC6-4E61-A777-346C4A6EE718}.Release|Any CPU.Build.0 = Release|Any CPU
	EndGlobalSection
	GlobalSection(SolutionProperties) = preSolution
		HideSolutionNode = FALSE
	EndGlobalSection
	GlobalSection(ExtensibilityGlobals) = postSolution
		SolutionGuid = {EF1C5103-9E91-4B9E-8562-801DA41AE7AB}
	EndGlobalSection
EndGlobal
